
Microsoft Visual Studio Solution File, Format Version 12.00
# Visual Studio 2012
Project("{FAE04EC0-301F-11D3-BF4B-00C04F79EFBC}") = "ikende.com.RazorEngine.Sample", "ikende.com.RazorEngine.Sample\ikende.com.RazorEngine.Sample.csproj", "{3CCA1260-CC37-4E5F-9B3E-3EC510A9ADB8}"
EndProject
Global
	GlobalSection(SolutionConfigurationPlatforms) = preSolution
		Debug|Any CPU = Debug|Any CPU
		Release|Any CPU = Release|Any CPU
	EndGlobalSection
	GlobalSection(ProjectConfigurationPlatforms) = postSolution
		{3CCA1260-CC37-4E5F-9B3E-3EC510A9ADB8}.Debug|Any CPU.ActiveCfg = Debug|Any CPU
		{3CCA1260-CC37-4E5F-9B3E-3EC510A9ADB8}.Debug|Any CPU.Build.0 = Debug|Any CPU
		{3CCA1260-CC37-4E5F-9B3E-3EC510A9ADB8}.Release|Any CPU.ActiveCfg = Release|Any CPU
		{3CCA1260-CC37-4E5F-9B3E-3EC510A9ADB8}.Release|Any CPU.Build.0 = Release|Any CPU
	EndGlobalSection
	GlobalSection(SolutionProperties) = preSolution
		HideSolutionNode = FALSE
	EndGlobalSection
EndGlobal
